
Microsoft Visual Studio Solution File, Format Version 12.00
# Visual Studio Version 16
VisualStudioVersion = 16.0.31321.278
MinimumVisualStudioVersion = 10.0.40219.1
Project("{FAE04EC0-301F-11D3-BF4B-00C04F79EFBC}") = "MyBlog", "MyBlog.csproj", "{BDFB21D0-B9CC-492E-BB1F-40DF4DF4001A}"
EndProject
Project("{FAE04EC0-301F-11D3-BF4B-00C04F79EFBC}") = "MyBlog.Data", "..\MyBlog.Data\MyBlog.Data.csproj", "{97C67E30-1082-46E7-BD40-F0C8CBE5F23D}"
EndProject
Project("{FAE04EC0-301F-11D3-BF4B-00C04F79EFBC}") = "MyBlog.Service", "..\MyBlog.Service\MyBlog.Service.csproj", "{202C547B-C818-40BC-B654-A6A3FF6848B3}"
EndProject
Global
	GlobalSection(SolutionConfigurationPlatforms) = preSolution
		Debug|Any CPU = Debug|Any CPU
		Release|Any CPU = Release|Any CPU
	EndGlobalSection
	GlobalSection(ProjectConfigurationPlatforms) = postSolution
		{BDFB21D0-B9CC-492E-BB1F-40DF4DF4001A}.Debug|Any CPU.ActiveCfg = Debug|Any CPU
		{BDFB21D0-B9CC-492E-BB1F-40DF4DF4001A}.Debug|Any CPU.Build.0 = Debug|Any CPU
		{BDFB21D0-B9CC-492E-BB1F-40DF4DF4001A}.Release|Any CPU.ActiveCfg = Release|Any CPU
		{BDFB21D0-B9CC-492E-BB1F-40DF4DF4001A}.Release|Any CPU.Build.0 = Release|Any CPU
		{97C67E30-1082-46E7-BD40-F0C8CBE5F23D}.Debug|Any CPU.ActiveCfg = Debug|Any CPU
		{97C67E30-1082-46E7-BD40-F0C8CBE5F23D}.Debug|Any CPU.Build.0 = Debug|Any CPU
		{97C67E30-1082-46E7-BD40-F0C8CBE5F23D}.Release|Any CPU.ActiveCfg = Release|Any CPU
		{97C67E30-1082-46E7-BD40-F0C8CBE5F23D}.Release|Any CPU.Build.0 = Release|Any CPU
		{202C547B-C818-40BC-B654-A6A3FF6848B3}.Debug|Any CPU.ActiveCfg = Debug|Any CPU
		{202C547B-C818-40BC-B654-A6A3FF6848B3}.Debug|Any CPU.Build.0 = Debug|Any CPU
		{202C547B-C818-40BC-B654-A6A3FF6848B3}.Release|Any CPU.ActiveCfg = Release|Any CPU
		{202C547B-C818-40BC-B654-A6A3FF6848B3}.Release|Any CPU.Build.0 = Release|Any CPU
	EndGlobalSection
	GlobalSection(SolutionProperties) = preSolution
		HideSolutionNode = FALSE
	EndGlobalSection
	GlobalSection(ExtensibilityGlobals) = postSolution
		SolutionGuid = {789AD9D5-6263-4DFB-8FDB-EA141683E270}
	EndGlobalSection
EndGlobal
